# This file is autogenerated, do not edit; changes may be undone by the next 'dep ensure'.


[[projects]]
  digest = "1:c47f4964978e211c6e566596ec6246c329912ea92e9bb99c00798bb4564c5b09"
  name = "github.com/armon/go-radix"
  packages = ["."]
  pruneopts = "UT"
  revision = "1a2de0c21c94309923825da3df33a4381872c795"
  version = "v1.0.0"

[[projects]]
  branch = "master"
  digest = "1:cdf8d6dd78c3887782da29aedb7242a219e165d8d020be6e50738f56dea3d181"
  name = "github.com/asergeyev/nradix"
  packages = ["."]
  pruneopts = "UT"
  revision = "3872ab85bb568d5400c3f53ac4d903744b2c8ea9"

[[projects]]
  branch = "master"
  digest = "1:c013ffc6e15f9f898078f9d38441c68b228aa7b899659452170250ccb27f5f1e"
  name = "github.com/elgs/gosqljson"
  packages = ["."]
  pruneopts = "UT"
  revision = "027aa4915315a0b2825c0f025cea347829b974fa"

[[projects]]
  digest = "1:adea5a94903eb4384abef30f3d878dc9ff6b6b5b0722da25b82e5169216dfb61"
  name = "github.com/go-sql-driver/mysql"
  packages = ["."]
  pruneopts = "UT"
  revision = "d523deb1b23d913de5bdada721a6071e71283618"
  version = "v1.4.0"

[[projects]]
  digest = "1:97df918963298c287643883209a2c3f642e6593379f97ab400c2a2e219ab647d"
  name = "github.com/golang/protobuf"
  packages = ["proto"]
  pruneopts = "UT"
  revision = "aa810b61a9c79d51363740d207bb46cf8e620ed5"
  version = "v1.2.0"

[[projects]]
  digest = "1:8ef506fc2bb9ced9b151dafa592d4046063d744c646c1bbe801982ce87e4bc24"
  name = "github.com/lib/pq"
  packages = [
    ".",
    "oid",
  ]
  pruneopts = "UT"
  revision = "4ded0e9383f75c197b3a2aaa6d590ac52df6fd79"
  version = "v1.0.0"

[[projects]]
  digest = "1:b56c589214f01a5601e0821387db484617392d0042f26234bf2da853a2f498a1"
  name = "github.com/naoina/go-stringutil"
  packages = ["."]
  pruneopts = "UT"
  revision = "6b638e95a32d0c1131db0e7fe83775cbea4a0d0b"
  version = "v0.1.0"

[[projects]]
  branch = "master"
  digest = "1:f7aa53146bf79462509d4ce136826ebbd64907e4679e1b04e62758da6b68e589"
  name = "github.com/orcaman/concurrent-map"
  packages = ["."]
  pruneopts = "UT"
  revision = "b28018939af9022337862b94a463abb18abb3e0e"

[[projects]]
  digest = "1:0b8dd7447e420afff0260179dc892711e837edd1d446bc78dab924624a3c3c81"
  name = "github.com/rs/cors"
  packages = ["."]
  pruneopts = "UT"
  revision = "3fb1b69b103a84de38a19c3c6ec073dd6caa4d3f"
  version = "v1.5.0"

[[projects]]
  branch = "master"
  digest = "1:7d93483291b1252c8ff29bb70f7170fbdd32d6db9ba92be95ea0318b619e3e9b"
  name = "github.com/shafreeck/configo"
  packages = [
    ".",
    "rule",
  ]
  pruneopts = "UT"
  revision = "a52cd6b0688af634e4ac784d63fcf9d6aa883591"

[[projects]]
  branch = "master"
  digest = "1:00b8403a01d1b62ead40acae5f3800f68fad35ef521a89cc29f0197140ee09ed"
  name = "github.com/shafreeck/toml"
  packages = [
    ".",
    "ast",
  ]
  pruneopts = "UT"
  revision = "4ad33e231a1699710ecd71e28748eb6a77e9d6a6"

[[projects]]
  digest = "1:c25289f43ac4a68d88b02245742347c94f1e108c534dda442188015ff80669b3"
  name = "google.golang.org/appengine"
  packages = ["cloudsql"]
  pruneopts = "UT"
  revision = "b1f26356af11148e710935ed1ac8a7f5702c7612"
  version = "v1.1.0"

[solve-meta]
  analyzer-name = "dep"
  analyzer-version = 1
  input-imports = [
    "github.com/armon/go-radix",
    "github.com/asergeyev/nradix",
    "github.com/elgs/gosqljson",
    "github.com/go-sql-driver/mysql",
    "github.com/golang/protobuf/proto",
    "github.com/lib/pq",
    "github.com/orcaman/concurrent-map",
    "github.com/rs/cors",
    "github.com/shafreeck/configo",
  ]
  solver-name = "gps-cdcl"
  solver-version = 1
